
Microsoft Visual Studio Solution File, Format Version 12.00
Project("{FAE04EC0-301F-11D3-BF4B-00C04F79EFBC}") = "WebApplication1", "WebApplication1\WebApplication1.csproj", "{9DC7745F-7E04-4C82-A65B-E07E38B76083}"
EndProject
Project("{FAE04EC0-301F-11D3-BF4B-00C04F79EFBC}") = "TestProject1", "TestProject1\TestProject1.csproj", "{5CDD5166-6691-447B-BB96-0C47D44F7A7C}"
EndProject
Global
	GlobalSection(SolutionConfigurationPlatforms) = preSolution
		Debug|Any CPU = Debug|Any CPU
		Release|Any CPU = Release|Any CPU
	EndGlobalSection
	GlobalSection(ProjectConfigurationPlatforms) = postSolution
		{9DC7745F-7E04-4C82-A65B-E07E38B76083}.Debug|Any CPU.ActiveCfg = Debug|Any CPU
		{9DC7745F-7E04-4C82-A65B-E07E38B76083}.Debug|Any CPU.Build.0 = Debug|Any CPU
		{9DC7745F-7E04-4C82-A65B-E07E38B76083}.Release|Any CPU.ActiveCfg = Release|Any CPU
		{9DC7745F-7E04-4C82-A65B-E07E38B76083}.Release|Any CPU.Build.0 = Release|Any CPU
		{5CDD5166-6691-447B-BB96-0C47D44F7A7C}.Debug|Any CPU.ActiveCfg = Debug|Any CPU
		{5CDD5166-6691-447B-BB96-0C47D44F7A7C}.Debug|Any CPU.Build.0 = Debug|Any CPU
		{5CDD5166-6691-447B-BB96-0C47D44F7A7C}.Release|Any CPU.ActiveCfg = Release|Any CPU
		{5CDD5166-6691-447B-BB96-0C47D44F7A7C}.Release|Any CPU.Build.0 = Release|Any CPU
	EndGlobalSection
EndGlobal
